
Microsoft Visual Studio Solution File, Format Version 12.00
# Visual Studio Version 16
VisualStudioVersion = 16.0.29326.143
MinimumVisualStudioVersion = 10.0.40219.1
Project("{FAE04EC0-301F-11D3-BF4B-00C04F79EFBC}") = "Telefon", "Telefon\Telefon.csproj", "{2ABDB1E1-14E0-4855-B4D5-59C3128C78D0}"
EndProject
Global
	GlobalSection(SolutionConfigurationPlatforms) = preSolution
		Debug|Any CPU = Debug|Any CPU
		Release|Any CPU = Release|Any CPU
	EndGlobalSection
	GlobalSection(ProjectConfigurationPlatforms) = postSolution
		{2ABDB1E1-14E0-4855-B4D5-59C3128C78D0}.Debug|Any CPU.ActiveCfg = Debug|Any CPU
		{2ABDB1E1-14E0-4855-B4D5-59C3128C78D0}.Debug|Any CPU.Build.0 = Debug|Any CPU
		{2ABDB1E1-14E0-4855-B4D5-59C3128C78D0}.Release|Any CPU.ActiveCfg = Release|Any CPU
		{2ABDB1E1-14E0-4855-B4D5-59C3128C78D0}.Release|Any CPU.Build.0 = Release|Any CPU
	EndGlobalSection
	GlobalSection(SolutionProperties) = preSolution
		HideSolutionNode = FALSE
	EndGlobalSection
	GlobalSection(ExtensibilityGlobals) = postSolution
		SolutionGuid = {E66A857B-728D-4BA9-91A6-429F620162FE}
	EndGlobalSection
EndGlobal
